{
  "name": "bun-react-template",
  "version": "0.1.0",
  "lockfileVersion": 3,
  "requires": true,
  "packages": {
    "": {
      "name": "bun-react-template",
      "version": "0.1.0",
      "dependencies": {
        "bun-plugin-tailwind": "^0.1.2",
        "midi-writer-js": "^3.1.1",
        "react": "^19",
        "react-dom": "^19",
        "tailwindcss": "^4.1.11"
      },
      "devDependencies": {
        "@types/bun": "latest",
        "@types/react": "^19",
        "@types/react-dom": "^19"
      }
    },
    "node_modules/@oven/bun-darwin-aarch64": {
      "version": "1.3.6",
      "resolved": "https://registry.npmjs.org/@oven/bun-darwin-aarch64/-/bun-darwin-aarch64-1.3.6.tgz",
      "integrity": "sha512-27rypIapNkYboOSylkf1tD9UW9Ado2I+P1NBL46Qz29KmOjTL6WuJ7mHDC5O66CYxlOkF5r93NPDAC3lFHYBXw==",
      "cpu": [
        "arm64"
      ],
      "license": "MIT",
      "optional": true,
      "os": [
        "darwin"
      ]
    },
    "node_modules/@oven/bun-darwin-x64": {
      "version": "1.3.6",
      "resolved": "https://registry.npmjs.org/@oven/bun-darwin-x64/-/bun-darwin-x64-1.3.6.tgz",
      "integrity": "sha512-I82xGzPkBxzBKgbl8DsA0RfMQCWTWjNmLjIEkW1ECiv3qK02kHGQ5FGUr/29L/SuvnGsULW4tBTRNZiMzL37nA==",
      "cpu": [
        "x64"
      ],
      "license": "MIT",
      "optional": true,
      "os": [
        "darwin"
      ]
    },
    "node_modules/@oven/bun-darwin-x64-baseline": {
      "version": "1.3.6",
      "resolved": "https://registry.npmjs.org/@oven/bun-darwin-x64-baseline/-/bun-darwin-x64-baseline-1.3.6.tgz",
      "integrity": "sha512-nqtr+pTsHqusYpG2OZc6s+AmpWDB/FmBvstrK0y5zkti4OqnCuu7Ev2xNjS7uyb47NrAFF40pWqkpaio5XEd7w==",
      "cpu": [
        "x64"
      ],
      "license": "MIT",
      "optional": true,
      "os": [
        "darwin"
      ]
    },
    "node_modules/@oven/bun-linux-aarch64": {
      "version": "1.3.6",
      "resolved": "https://registry.npmjs.org/@oven/bun-linux-aarch64/-/bun-linux-aarch64-1.3.6.tgz",
      "integrity": "sha512-YaQEAYjBanoOOtpqk/c5GGcfZIyxIIkQ2m1TbHjedRmJNwxzWBhGinSARFkrRIc3F8pRIGAopXKvJ/2rjN1LzQ==",
      "cpu": [
        "arm64"
      ],
      "license": "MIT",
      "optional": true,
      "os": [
        "linux"
      ]
    },
    "node_modules/@oven/bun-linux-aarch64-musl": {
      "version": "1.3.6",
      "resolved": "https://registry.npmjs.org/@oven/bun-linux-aarch64-musl/-/bun-linux-aarch64-musl-1.3.6.tgz",
      "integrity": "sha512-FR+iJt17rfFgYgpxL3M67AUwujOgjw52ZJzB9vElI5jQXNjTyOKf8eH4meSk4vjlYF3h/AjKYd6pmN0OIUlVKQ==",
      "cpu": [
        "arm64"
      ],
      "license": "MIT",
      "optional": true,
      "os": [
        "linux"
      ]
    },
    "node_modules/@oven/bun-linux-x64": {
      "version": "1.3.6",
      "resolved": "https://registry.npmjs.org/@oven/bun-linux-x64/-/bun-linux-x64-1.3.6.tgz",
      "integrity": "sha512-egfngj0dfJ868cf30E7B+ye9KUWSebYxOG4l9YP5eWeMXCtenpenx0zdKtAn9qxJgEJym5AN6trtlk+J6x8Lig==",
      "cpu": [
        "x64"
      ],
      "license": "MIT",
      "optional": true,
      "os": [
        "linux"
      ]
    },
    "node_modules/@oven/bun-linux-x64-baseline": {
      "version": "1.3.6",
      "resolved": "https://registry.npmjs.org/@oven/bun-linux-x64-baseline/-/bun-linux-x64-baseline-1.3.6.tgz",
      "integrity": "sha512-jRmnX18ak8WzqLrex3siw0PoVKyIeI5AiCv4wJLgSs7VKfOqrPycfHIWfIX2jdn7ngqbHFPzI09VBKANZ4Pckg==",
      "cpu": [
        "x64"
      ],
      "license": "MIT",
      "optional": true,
      "os": [
        "linux"
      ]
    },
    "node_modules/@oven/bun-linux-x64-musl": {
      "version": "1.3.6",
      "resolved": "https://registry.npmjs.org/@oven/bun-linux-x64-musl/-/bun-linux-x64-musl-1.3.6.tgz",
      "integrity": "sha512-YeXcJ9K6vJAt1zSkeA21J6pTe7PgDMLTHKGI3nQBiMYnYf7Ob3K+b/ChSCznrJG7No5PCPiQPg4zTgA+BOTmSA==",
      "cpu": [
        "x64"
      ],
      "license": "MIT",
      "optional": true,
      "os": [
        "linux"
      ]
    },
    "node_modules/@oven/bun-linux-x64-musl-baseline": {
      "version": "1.3.6",
      "resolved": "https://registry.npmjs.org/@oven/bun-linux-x64-musl-baseline/-/bun-linux-x64-musl-baseline-1.3.6.tgz",
      "integrity": "sha512-7FjVnxnRTp/AgWqSQRT/Vt9TYmvnZ+4M+d9QOKh/Lf++wIFXFGSeAgD6bV1X/yr2UPVmZDk+xdhr2XkU7l2v3w==",
      "cpu": [
        "x64"
      ],
      "license": "MIT",
      "optional": true,
      "os": [
        "linux"
      ]
    },
    "node_modules/@oven/bun-windows-x64": {
      "version": "1.3.6",
      "cpu": [
        "x64"
      ],
      "license": "MIT",
      "optional": true,
      "os": [
        "win32"
      ]
    },
    "node_modules/@oven/bun-windows-x64-baseline": {
      "version": "1.3.6",
      "cpu": [
        "x64"
      ],
      "license": "MIT",
      "optional": true,
      "os": [
        "win32"
      ]
    },
    "node_modules/@tonaljs/midi": {
      "version": "4.10.2",
      "resolved": "https://registry.npmjs.org/@tonaljs/midi/-/midi-4.10.2.tgz",
      "integrity": "sha512-MPamXhEwPL7L1udLfYMm3Ft8mLYtHr62Zi2w5zYHM2P7YwIvNoiX0+dvAN5is1Wvq4iVRa8AjFHerjOW/SZhGg==",
      "license": "MIT",
      "dependencies": {
        "@tonaljs/pitch-note": "6.1.0"
      }
    },
    "node_modules/@tonaljs/pitch": {
      "version": "5.0.2",
      "resolved": "https://registry.npmjs.org/@tonaljs/pitch/-/pitch-5.0.2.tgz",
      "integrity": "sha512-mxaXJPPe+LIJdjzpZEl8I8Wx3dEvlzkBbsr2Ltwc2dTAdnErAZ5R0TxVq2egF27lMvQN2QPQPWI9iDPPdVUmrg==",
      "license": "MIT"
    },
    "node_modules/@tonaljs/pitch-note": {
      "version": "6.1.0",
      "resolved": "https://registry.npmjs.org/@tonaljs/pitch-note/-/pitch-note-6.1.0.tgz",
      "integrity": "sha512-A4OSLo8DjM38u73862LnDmL4YInDDRBmg0fojXcvu4cyU3oOlqndyeHOra1OVoH/WW46uNIxNs1wJDZNPWL5KQ==",
      "license": "MIT",
      "dependencies": {
        "@tonaljs/pitch": "5.0.2"
      }
    },
    "node_modules/@types/bun": {
      "version": "1.3.6",
      "resolved": "https://registry.npmjs.org/@types/bun/-/bun-1.3.6.tgz",
      "integrity": "sha512-uWCv6FO/8LcpREhenN1d1b6fcspAB+cefwD7uti8C8VffIv0Um08TKMn98FynpTiU38+y2dUO55T11NgDt8VAA==",
      "dev": true,
      "license": "MIT",
      "dependencies": {
        "bun-types": "1.3.6"
      }
    },
    "node_modules/@types/node": {
      "version": "25.0.9",
      "dev": true,
      "license": "MIT",
      "dependencies": {
        "undici-types": "~7.16.0"
      }
    },
    "node_modules/@types/react": {
      "version": "19.2.9",
      "dev": true,
      "license": "MIT",
      "peer": true,
      "dependencies": {
        "csstype": "^3.2.2"
      }
    },
    "node_modules/@types/react-dom": {
      "version": "19.2.3",
      "dev": true,
      "license": "MIT",
      "peerDependencies": {
        "@types/react": "^19.2.0"
      }
    },
    "node_modules/bun": {
      "version": "1.3.6",
      "cpu": [
        "arm64",
        "x64"
      ],
      "hasInstallScript": true,
      "license": "MIT",
      "os": [
        "darwin",
        "linux",
        "win32"
      ],
      "peer": true,
      "bin": {
        "bun": "bin/bun.exe",
        "bunx": "bin/bunx.exe"
      },
      "optionalDependencies": {
        "@oven/bun-darwin-aarch64": "1.3.6",
        "@oven/bun-darwin-x64": "1.3.6",
        "@oven/bun-darwin-x64-baseline": "1.3.6",
        "@oven/bun-linux-aarch64": "1.3.6",
        "@oven/bun-linux-aarch64-musl": "1.3.6",
        "@oven/bun-linux-x64": "1.3.6",
        "@oven/bun-linux-x64-baseline": "1.3.6",
        "@oven/bun-linux-x64-musl": "1.3.6",
        "@oven/bun-linux-x64-musl-baseline": "1.3.6",
        "@oven/bun-windows-x64": "1.3.6",
        "@oven/bun-windows-x64-baseline": "1.3.6"
      }
    },
    "node_modules/bun-plugin-tailwind": {
      "version": "0.1.2",
      "license": "MIT",
      "peerDependencies": {
        "bun": ">=1.0.0"
      }
    },
    "node_modules/bun-types": {
      "version": "1.3.6",
      "dev": true,
      "license": "MIT",
      "dependencies": {
        "@types/node": "*"
      }
    },
    "node_modules/csstype": {
      "version": "3.2.3",
      "dev": true,
      "license": "MIT"
    },
    "node_modules/midi-writer-js": {
      "version": "3.1.1",
      "resolved": "https://registry.npmjs.org/midi-writer-js/-/midi-writer-js-3.1.1.tgz",
      "integrity": "sha512-ruRzUWtmcvD7xQcrKRk9fH+1BELv8x07QJxhpM4PS5n6+MOyPb39ifxTV/oI1hHPgKMSuhnhWw2MaGWUAvH9DA==",
      "hasInstallScript": true,
      "license": "MIT",
      "dependencies": {
        "@tonaljs/midi": "^4.9.0"
      }
    },
    "node_modules/react": {
      "version": "19.2.3",
      "license": "MIT",
      "peer": true,
      "engines": {
        "node": ">=0.10.0"
      }
    },
    "node_modules/react-dom": {
      "version": "19.2.3",
      "license": "MIT",
      "dependencies": {
        "scheduler": "^0.27.0"
      },
      "peerDependencies": {
        "react": "^19.2.3"
      }
    },
    "node_modules/scheduler": {
      "version": "0.27.0",
      "license": "MIT"
    },
    "node_modules/tailwindcss": {
      "version": "4.1.18",
      "license": "MIT"
    },
    "node_modules/undici-types": {
      "version": "7.16.0",
      "dev": true,
      "license": "MIT"
    }
  }
}
